
Microsoft Visual Studio Solution File, Format Version 12.00
# Visual Studio Version 17
VisualStudioVersion = 17.10.35122.118
MinimumVisualStudioVersion = 10.0.40219.1
Project("{FAE04EC0-301F-11D3-BF4B-00C04F79EFBC}") = "Projeto web Api", "Projeto web Api\Projeto web Api.csproj", "{726DFEB6-60DC-4ABE-88CF-B75E17F7BD6A}"
EndProject
Global
	GlobalSection(SolutionConfigurationPlatforms) = preSolution
		Debug|Any CPU = Debug|Any CPU
		Release|Any CPU = Release|Any CPU
	EndGlobalSection
	GlobalSection(ProjectConfigurationPlatforms) = postSolution
		{726DFEB6-60DC-4ABE-88CF-B75E17F7BD6A}.Debug|Any CPU.ActiveCfg = Debug|Any CPU
		{726DFEB6-60DC-4ABE-88CF-B75E17F7BD6A}.Debug|Any CPU.Build.0 = Debug|Any CPU
		{726DFEB6-60DC-4ABE-88CF-B75E17F7BD6A}.Release|Any CPU.ActiveCfg = Release|Any CPU
		{726DFEB6-60DC-4ABE-88CF-B75E17F7BD6A}.Release|Any CPU.Build.0 = Release|Any CPU
	EndGlobalSection
	GlobalSection(SolutionProperties) = preSolution
		HideSolutionNode = FALSE
	EndGlobalSection
	GlobalSection(ExtensibilityGlobals) = postSolution
		SolutionGuid = {53988D48-7EC2-4657-BEDB-B991E506B9DD}
	EndGlobalSection
EndGlobal
